
Microsoft Visual Studio Solution File, Format Version 12.00
# Visual Studio Version 17
VisualStudioVersion = 17.6.33723.286
MinimumVisualStudioVersion = 10.0.40219.1
Project("{FAE04EC0-301F-11D3-BF4B-00C04F79EFBC}") = "Web App", "Web App\Web App.csproj", "{650C1BB1-B680-4873-9DB6-64808B75D64B}"
EndProject
Global
	GlobalSection(SolutionConfigurationPlatforms) = preSolution
		Debug|Any CPU = Debug|Any CPU
		Release|Any CPU = Release|Any CPU
	EndGlobalSection
	GlobalSection(ProjectConfigurationPlatforms) = postSolution
		{650C1BB1-B680-4873-9DB6-64808B75D64B}.Debug|Any CPU.ActiveCfg = Debug|Any CPU
		{650C1BB1-B680-4873-9DB6-64808B75D64B}.Debug|Any CPU.Build.0 = Debug|Any CPU
		{650C1BB1-B680-4873-9DB6-64808B75D64B}.Release|Any CPU.ActiveCfg = Release|Any CPU
		{650C1BB1-B680-4873-9DB6-64808B75D64B}.Release|Any CPU.Build.0 = Release|Any CPU
	EndGlobalSection
	GlobalSection(SolutionProperties) = preSolution
		HideSolutionNode = FALSE
	EndGlobalSection
	GlobalSection(ExtensibilityGlobals) = postSolution
		SolutionGuid = {71DADB20-E82E-4462-90BC-5F1A32F66406}
	EndGlobalSection
EndGlobal
